{
  "requires": true,
  "lockfileVersion": 1,
  "dependencies": {
    "@uirouter/core": {
      "version": "5.0.19",
      "resolved": "https://registry.npmjs.org/@uirouter/core/-/core-5.0.19.tgz",
      "integrity": "sha512-wow+CKRThUAQkiTLNQCBsKQIU3NbH8GGH/w/TrcjKdvkZQA2jQB9QSqmmZxj7XNoZXY7QVcSSc4DWmxuSeAWmQ=="
    },
    "angular": {
      "version": "1.6.9",
      "resolved": "https://registry.npmjs.org/angular/-/angular-1.6.9.tgz",
      "integrity": "sha512-6igWH2GIsxV+J38wNWCh8oyjaZsrIPIDO35twloIUyjlF2Yit6UyLAWujHP05ma/LFxTsx4NtYibRoMNBXPR1A=="
    },
    "angular-ui-router": {
      "version": "1.0.18",
      "resolved": "https://registry.npmjs.org/angular-ui-router/-/angular-ui-router-1.0.18.tgz",
      "integrity": "sha512-YdjR6WsLGs4CvoZl+HgpaXDmlIvviZJa/Xmkonrj9X3BgHdBChwo8EEHo/MKrjFAcp2CW+7lUy8fno42YPyvKQ==",
      "requires": {
        "@uirouter/core": "5.0.19"
      }
    }
  }
}
